// !$*UTF8*$!
{
	archiveVersion = 1;
	classes = {
	};
	objectVersion = 77;
	objects = {

/* Begin PBXBuildFile section */
		1AB25E182D1C21E7002585DD /* Alamofire in Frameworks */ = {isa = PBXBuildFile; productRef = 1AB25E172D1C21E7002585DD /* Alamofire */; };
/* End PBXBuildFile section */

/* Begin PBXContainerItemProxy section */
		1AB25DF12D1C11AA002585DD /* PBXContainerItemProxy */ = {
			isa = PBXContainerItemProxy;
			containerPortal = 1AB25DD72D1C11A9002585DD /* Project object */;
			proxyType = 1;
			remoteGlobalIDString = 1AB25DDE2D1C11A9002585DD;
			remoteInfo = WebViewInterceptorPOC;
		};
		1AB25DFB2D1C11AA002585DD /* PBXContainerItemProxy */ = {
			isa = PBXContainerItemProxy;
			containerPortal = 1AB25DD72D1C11A9002585DD /* Project object */;
			proxyType = 1;
			remoteGlobalIDString = 1AB25DDE2D1C11A9002585DD;
			remoteInfo = WebViewInterceptorPOC;
		};
/* End PBXContainerItemProxy section */

/* Begin PBXFileReference section */
		1AB25DDF2D1C11A9002585DD /* WebViewInterceptorPOC.app */ = {isa = PBXFileReference; explicitFileType = wrapper.application; includeInIndex = 0; path = WebViewInterceptorPOC.app; sourceTree = BUILT_PRODUCTS_DIR; };
		1AB25DF02D1C11AA002585DD /* WebViewInterceptorPOCTests.xctest */ = {isa = PBXFileReference; explicitFileType = wrapper.cfbundle; includeInIndex = 0; path = WebViewInterceptorPOCTests.xctest; sourceTree = BUILT_PRODUCTS_DIR; };
		1AB25DFA2D1C11AA002585DD /* WebViewInterceptorPOCUITests.xctest */ = {isa = PBXFileReference; explicitFileType = wrapper.cfbundle; includeInIndex = 0; path = WebViewInterceptorPOCUITests.xctest; sourceTree = BUILT_PRODUCTS_DIR; };
/* End PBXFileReference section */

/* Begin PBXFileSystemSynchronizedRootGroup section */
		1AB25DE12D1C11A9002585DD /* WebViewInterceptorPOC */ = {
			isa = PBXFileSystemSynchronizedRootGroup;
			path = WebViewInterceptorPOC;
			sourceTree = "<group>";
		};
		1AB25DF32D1C11AA002585DD /* WebViewInterceptorPOCTests */ = {
			isa = PBXFileSystemSynchronizedRootGroup;
			path = WebViewInterceptorPOCTests;
			sourceTree = "<group>";
		};
		1AB25DFD2D1C11AA002585DD /* WebViewInterceptorPOCUITests */ = {
			isa = PBXFileSystemSynchronizedRootGroup;
			path = WebViewInterceptorPOCUITests;
			sourceTree = "<group>";
		};
/* End PBXFileSystemSynchronizedRootGroup section */

/* Begin PBXFrameworksBuildPhase section */
		1AB25DDC2D1C11A9002585DD /* Frameworks */ = {
			isa = PBXFrameworksBuildPhase;
			buildActionMask = 2147483647;
			files = (
				1AB25E182D1C21E7002585DD /* Alamofire in Frameworks */,
			);
			runOnlyForDeploymentPostprocessing = 0;
		};
		1AB25DED2D1C11AA002585DD /* Frameworks */ = {
			isa = PBXFrameworksBuildPhase;
			buildActionMask = 2147483647;
			files = (
			);
			runOnlyForDeploymentPostprocessing = 0;
		};
		1AB25DF72D1C11AA002585DD /* Frameworks */ = {
			isa = PBXFrameworksBuildPhase;
			buildActionMask = 2147483647;
			files = (
			);
			runOnlyForDeploymentPostprocessing = 0;
		};
/* End PBXFrameworksBuildPhase section */

/* Begin PBXGroup section */
		1AB25DD62D1C11A9002585DD = {
			isa = PBXGroup;
			children = (
				1AB25DE12D1C11A9002585DD /* WebViewInterceptorPOC */,
				1AB25DF32D1C11AA002585DD /* WebViewInterceptorPOCTests */,
				1AB25DFD2D1C11AA002585DD /* WebViewInterceptorPOCUITests */,
				1AB25DE02D1C11A9002585DD /* Products */,
			);
			sourceTree = "<group>";
		};
		1AB25DE02D1C11A9002585DD /* Products */ = {
			isa = PBXGroup;
			children = (
				1AB25DDF2D1C11A9002585DD /* WebViewInterceptorPOC.app */,
				1AB25DF02D1C11AA002585DD /* WebViewInterceptorPOCTests.xctest */,
				1AB25DFA2D1C11AA002585DD /* WebViewInterceptorPOCUITests.xctest */,
			);
			name = Products;
			sourceTree = "<group>";
		};
/* End PBXGroup section */

/* Begin PBXNativeTarget section */
		1AB25DDE2D1C11A9002585DD /* WebViewInterceptorPOC */ = {
			isa = PBXNativeTarget;
			buildConfigurationList = 1AB25E042D1C11AA002585DD /* Build configuration list for PBXNativeTarget "WebViewInterceptorPOC" */;
			buildPhases = (
				1AB25DDB2D1C11A9002585DD /* Sources */,
				1AB25DDC2D1C11A9002585DD /* Frameworks */,
				1AB25DDD2D1C11A9002585DD /* Resources */,
			);
			buildRules = (
			);
			dependencies = (
			);
			fileSystemSynchronizedGroups = (
				1AB25DE12D1C11A9002585DD /* WebViewInterceptorPOC */,
			);
			name = WebViewInterceptorPOC;
			packageProductDependencies = (
				1AB25E172D1C21E7002585DD /* Alamofire */,
			);
			productName = WebViewInterceptorPOC;
			productReference = 1AB25DDF2D1C11A9002585DD /* WebViewInterceptorPOC.app */;
			productType = "com.apple.product-type.application";
		};
		1AB25DEF2D1C11AA002585DD /* WebViewInterceptorPOCTests */ = {
			isa = PBXNativeTarget;
			buildConfigurationList = 1AB25E072D1C11AA002585DD /* Build configuration list for PBXNativeTarget "WebViewInterceptorPOCTests" */;
			buildPhases = (
				1AB25DEC2D1C11AA002585DD /* Sources */,
				1AB25DED2D1C11AA002585DD /* Frameworks */,
				1AB25DEE2D1C11AA002585DD /* Resources */,
			);
			buildRules = (
			);
			dependencies = (
				1AB25DF22D1C11AA002585DD /* PBXTargetDependency */,
			);
			fileSystemSynchronizedGroups = (
				1AB25DF32D1C11AA002585DD /* WebViewInterceptorPOCTests */,
			);
			name = WebViewInterceptorPOCTests;
			packageProductDependencies = (
			);
			productName = WebViewInterceptorPOCTests;
			productReference = 1AB25DF02D1C11AA002585DD /* WebViewInterceptorPOCTests.xctest */;
			productType = "com.apple.product-type.bundle.unit-test";
		};
		1AB25DF92D1C11AA002585DD /* WebViewInterceptorPOCUITests */ = {
			isa = PBXNativeTarget;
			buildConfigurationList = 1AB25E0A2D1C11AA002585DD /* Build configuration list for PBXNativeTarget "WebViewInterceptorPOCUITests" */;
			buildPhases = (
				1AB25DF62D1C11AA002585DD /* Sources */,
				1AB25DF72D1C11AA002585DD /* Frameworks */,
				1AB25DF82D1C11AA002585DD /* Resources */,
			);
			buildRules = (
			);
			dependencies = (
				1AB25DFC2D1C11AA002585DD /* PBXTargetDependency */,
			);
			fileSystemSynchronizedGroups = (
				1AB25DFD2D1C11AA002585DD /* WebViewInterceptorPOCUITests */,
			);
			name = WebViewInterceptorPOCUITests;
			packageProductDependencies = (
			);
			productName = WebViewInterceptorPOCUITests;
			productReference = 1AB25DFA2D1C11AA002585DD /* WebViewInterceptorPOCUITests.xctest */;
			productType = "com.apple.product-type.bundle.ui-testing";
		};
/* End PBXNativeTarget section */

/* Begin PBXProject section */
		1AB25DD72D1C11A9002585DD /* Project object */ = {
			isa = PBXProject;
			attributes = {
				BuildIndependentTargetsInParallel = 1;
				LastSwiftUpdateCheck = 1620;
				LastUpgradeCheck = 1620;
				TargetAttributes = {
					1AB25DDE2D1C11A9002585DD = {
						CreatedOnToolsVersion = 16.2;
					};
					1AB25DEF2D1C11AA002585DD = {
						CreatedOnToolsVersion = 16.2;
						TestTargetID = 1AB25DDE2D1C11A9002585DD;
					};
					1AB25DF92D1C11AA002585DD = {
						CreatedOnToolsVersion = 16.2;
						TestTargetID = 1AB25DDE2D1C11A9002585DD;
					};
				};
			};
			buildConfigurationList = 1AB25DDA2D1C11A9002585DD /* Build configuration list for PBXProject "WebViewInterceptorPOC" */;
			developmentRegion = en;
			hasScannedForEncodings = 0;
			knownRegions = (
				en,
				Base,
			);
			mainGroup = 1AB25DD62D1C11A9002585DD;
			minimizedProjectReferenceProxies = 1;
			packageReferences = (
				1AB25E162D1C21E7002585DD /* XCRemoteSwiftPackageReference "Alamofire" */,
			);
			preferredProjectObjectVersion = 77;
			productRefGroup = 1AB25DE02D1C11A9002585DD /* Products */;
			projectDirPath = "";
			projectRoot = "";
			targets = (
				1AB25DDE2D1C11A9002585DD /* WebViewInterceptorPOC */,
				1AB25DEF2D1C11AA002585DD /* WebViewInterceptorPOCTests */,
				1AB25DF92D1C11AA002585DD /* WebViewInterceptorPOCUITests */,
			);
		};
/* End PBXProject section */

/* Begin PBXResourcesBuildPhase section */
		1AB25DDD2D1C11A9002585DD /* Resources */ = {
			isa = PBXResourcesBuildPhase;
			buildActionMask = 2147483647;
			files = (
			);
			runOnlyForDeploymentPostprocessing = 0;
		};
		1AB25DEE2D1C11AA002585DD /* Resources */ = {
			isa = PBXResourcesBuildPhase;
			buildActionMask = 2147483647;
			files = (
			);
			runOnlyForDeploymentPostprocessing = 0;
		};
		1AB25DF82D1C11AA002585DD /* Resources */ = {
			isa = PBXResourcesBuildPhase;
			buildActionMask = 2147483647;
			files = (
			);
			runOnlyForDeploymentPostprocessing = 0;
		};
/* End PBXResourcesBuildPhase section */

/* Begin PBXSourcesBuildPhase section */
		1AB25DDB2D1C11A9002585DD /* Sources */ = {
			isa = PBXSourcesBuildPhase;
			buildActionMask = 2147483647;
			files = (
			);
			runOnlyForDeploymentPostprocessing = 0;
		};
		1AB25DEC2D1C11AA002585DD /* Sources */ = {
			isa = PBXSourcesBuildPhase;
			buildActionMask = 2147483647;
			files = (
			);
			runOnlyForDeploymentPostprocessing = 0;
		};
		1AB25DF62D1C11AA002585DD /* Sources */ = {
			isa = PBXSourcesBuildPhase;
			buildActionMask = 2147483647;
			files = (
			);
			runOnlyForDeploymentPostprocessing = 0;
		};
/* End PBXSourcesBuildPhase section */

/* Begin PBXTargetDependency section */
		1AB25DF22D1C11AA002585DD /* PBXTargetDependency */ = {
			isa = PBXTargetDependency;
			target = 1AB25DDE2D1C11A9002585DD /* WebViewInterceptorPOC */;
			targetProxy = 1AB25DF12D1C11AA002585DD /* PBXContainerItemProxy */;
		};
		1AB25DFC2D1C11AA002585DD /* PBXTargetDependency */ = {
			isa = PBXTargetDependency;
			target = 1AB25DDE2D1C11A9002585DD /* WebViewInterceptorPOC */;
			targetProxy = 1AB25DFB2D1C11AA002585DD /* PBXContainerItemProxy */;
		};
/* End PBXTargetDependency section */

/* Begin XCBuildConfiguration section */
		1AB25E022D1C11AA002585DD /* Debug */ = {
			isa = XCBuildConfiguration;
			buildSettings = {
				ALWAYS_SEARCH_USER_PATHS = NO;
				ASSETCATALOG_COMPILER_GENERATE_SWIFT_ASSET_SYMBOL_EXTENSIONS = YES;
				CLANG_ANALYZER_NONNULL = YES;
				CLANG_ANALYZER_NUMBER_OBJECT_CONVERSION = YES_AGGRESSIVE;
				CLANG_CXX_LANGUAGE_STANDARD = "gnu++20";
				CLANG_ENABLE_MODULES = YES;
				CLANG_ENABLE_OBJC_ARC = YES;
				CLANG_ENABLE_OBJC_WEAK = YES;
				CLANG_WARN_BLOCK_CAPTURE_AUTORELEASING = YES;
				CLANG_WARN_BOOL_CONVERSION = YES;
				CLANG_WARN_COMMA = YES;
				CLANG_WARN_CONSTANT_CONVERSION = YES;
				CLANG_WARN_DEPRECATED_OBJC_IMPLEMENTATIONS = YES;
				CLANG_WARN_DIRECT_OBJC_ISA_USAGE = YES_ERROR;
				CLANG_WARN_DOCUMENTATION_COMMENTS = YES;
				CLANG_WARN_EMPTY_BODY = YES;
				CLANG_WARN_ENUM_CONVERSION = YES;
				CLANG_WARN_INFINITE_RECURSION = YES;
				CLANG_WARN_INT_CONVERSION = YES;
				CLANG_WARN_NON_LITERAL_NULL_CONVERSION = YES;
				CLANG_WARN_OBJC_IMPLICIT_RETAIN_SELF = YES;
				CLANG_WARN_OBJC_LITERAL_CONVERSION = YES;
				CLANG_WARN_OBJC_ROOT_CLASS = YES_ERROR;
				CLANG_WARN_QUOTED_INCLUDE_IN_FRAMEWORK_HEADER = YES;
				CLANG_WARN_RANGE_LOOP_ANALYSIS = YES;
				CLANG_WARN_STRICT_PROTOTYPES = YES;
				CLANG_WARN_SUSPICIOUS_MOVE = YES;
				CLANG_WARN_UNGUARDED_AVAILABILITY = YES_AGGRESSIVE;
				CLANG_WARN_UNREACHABLE_CODE = YES;
				CLANG_WARN__DUPLICATE_METHOD_MATCH = YES;
				COPY_PHASE_STRIP = NO;
				DEBUG_INFORMATION_FORMAT = dwarf;
				ENABLE_STRICT_OBJC_MSGSEND = YES;
				ENABLE_TESTABILITY = YES;
				ENABLE_USER_SCRIPT_SANDBOXING = YES;
				GCC_C_LANGUAGE_STANDARD = gnu17;
				GCC_DYNAMIC_NO_PIC = NO;
				GCC_NO_COMMON_BLOCKS = YES;
				GCC_OPTIMIZATION_LEVEL = 0;
				GCC_PREPROCESSOR_DEFINITIONS = (
					"DEBUG=1",
					"$(inherited)",
				);
				GCC_WARN_64_TO_32_BIT_CONVERSION = YES;
				GCC_WARN_ABOUT_RETURN_TYPE = YES_ERROR;
				GCC_WARN_UNDECLARED_SELECTOR = YES;
				GCC_WARN_UNINITIALIZED_AUTOS = YES_AGGRESSIVE;
				GCC_WARN_UNUSED_FUNCTION = YES;
				GCC_WARN_UNUSED_VARIABLE = YES;
				LOCALIZATION_PREFERS_STRING_CATALOGS = YES;
				MTL_ENABLE_DEBUG_INFO = INCLUDE_SOURCE;
				MTL_FAST_MATH = YES;
				ONLY_ACTIVE_ARCH = YES;
				SWIFT_ACTIVE_COMPILATION_CONDITIONS = "DEBUG $(inherited)";
				SWIFT_OPTIMIZATION_LEVEL = "-Onone";
			};
			name = Debug;
		};
		1AB25E032D1C11AA002585DD /* Release */ = {
			isa = XCBuildConfiguration;
			buildSettings = {
				ALWAYS_SEARCH_USER_PATHS = NO;
				ASSETCATALOG_COMPILER_GENERATE_SWIFT_ASSET_SYMBOL_EXTENSIONS = YES;
				CLANG_ANALYZER_NONNULL = YES;
				CLANG_ANALYZER_NUMBER_OBJECT_CONVERSION = YES_AGGRESSIVE;
				CLANG_CXX_LANGUAGE_STANDARD = "gnu++20";
				CLANG_ENABLE_MODULES = YES;
				CLANG_ENABLE_OBJC_ARC = YES;
				CLANG_ENABLE_OBJC_WEAK = YES;
				CLANG_WARN_BLOCK_CAPTURE_AUTORELEASING = YES;
				CLANG_WARN_BOOL_CONVERSION = YES;
				CLANG_WARN_COMMA = YES;
				CLANG_WARN_CONSTANT_CONVERSION = YES;
				CLANG_WARN_DEPRECATED_OBJC_IMPLEMENTATIONS = YES;
				CLANG_WARN_DIRECT_OBJC_ISA_USAGE = YES_ERROR;
				CLANG_WARN_DOCUMENTATION_COMMENTS = YES;
				CLANG_WARN_EMPTY_BODY = YES;
				CLANG_WARN_ENUM_CONVERSION = YES;
				CLANG_WARN_INFINITE_RECURSION = YES;
				CLANG_WARN_INT_CONVERSION = YES;
				CLANG_WARN_NON_LITERAL_NULL_CONVERSION = YES;
				CLANG_WARN_OBJC_IMPLICIT_RETAIN_SELF = YES;
				CLANG_WARN_OBJC_LITERAL_CONVERSION = YES;
				CLANG_WARN_OBJC_ROOT_CLASS = YES_ERROR;
				CLANG_WARN_QUOTED_INCLUDE_IN_FRAMEWORK_HEADER = YES;
				CLANG_WARN_RANGE_LOOP_ANALYSIS = YES;
				CLANG_WARN_STRICT_PROTOTYPES = YES;
				CLANG_WARN_SUSPICIOUS_MOVE = YES;
				CLANG_WARN_UNGUARDED_AVAILABILITY = YES_AGGRESSIVE;
				CLANG_WARN_UNREACHABLE_CODE = YES;
				CLANG_WARN__DUPLICATE_METHOD_MATCH = YES;
				COPY_PHASE_STRIP = NO;
				DEBUG_INFORMATION_FORMAT = "dwarf-with-dsym";
				ENABLE_NS_ASSERTIONS = NO;
				ENABLE_STRICT_OBJC_MSGSEND = YES;
				ENABLE_USER_SCRIPT_SANDBOXING = YES;
				GCC_C_LANGUAGE_STANDARD = gnu17;
				GCC_NO_COMMON_BLOCKS = YES;
				GCC_WARN_64_TO_32_BIT_CONVERSION = YES;
				GCC_WARN_ABOUT_RETURN_TYPE = YES_ERROR;
				GCC_WARN_UNDECLARED_SELECTOR = YES;
				GCC_WARN_UNINITIALIZED_AUTOS = YES_AGGRESSIVE;
				GCC_WARN_UNUSED_FUNCTION = YES;
				GCC_WARN_UNUSED_VARIABLE = YES;
				LOCALIZATION_PREFERS_STRING_CATALOGS = YES;
				MTL_ENABLE_DEBUG_INFO = NO;
				MTL_FAST_MATH = YES;
				SWIFT_COMPILATION_MODE = wholemodule;
			};
			name = Release;
		};
		1AB25E052D1C11AA002585DD /* Debug */ = {
			isa = XCBuildConfiguration;
			buildSettings = {
				ASSETCATALOG_COMPILER_APPICON_NAME = AppIcon;
				ASSETCATALOG_COMPILER_GLOBAL_ACCENT_COLOR_NAME = AccentColor;
				CODE_SIGN_ENTITLEMENTS = WebViewInterceptorPOC/WebViewInterceptorPOC.entitlements;
				CODE_SIGN_STYLE = Automatic;
				CURRENT_PROJECT_VERSION = 1;
				DEVELOPMENT_ASSET_PATHS = "\"WebViewInterceptorPOC/Preview Content\"";
				ENABLE_PREVIEWS = YES;
				GENERATE_INFOPLIST_FILE = YES;
				"INFOPLIST_KEY_UIApplicationSceneManifest_Generation[sdk=iphoneos*]" = YES;
				"INFOPLIST_KEY_UIApplicationSceneManifest_Generation[sdk=iphonesimulator*]" = YES;
				"INFOPLIST_KEY_UIApplicationSupportsIndirectInputEvents[sdk=iphoneos*]" = YES;
				"INFOPLIST_KEY_UIApplicationSupportsIndirectInputEvents[sdk=iphonesimulator*]" = YES;
				"INFOPLIST_KEY_UILaunchScreen_Generation[sdk=iphoneos*]" = YES;
				"INFOPLIST_KEY_UILaunchScreen_Generation[sdk=iphonesimulator*]" = YES;
				"INFOPLIST_KEY_UIStatusBarStyle[sdk=iphoneos*]" = UIStatusBarStyleDefault;
				"INFOPLIST_KEY_UIStatusBarStyle[sdk=iphonesimulator*]" = UIStatusBarStyleDefault;
				INFOPLIST_KEY_UISupportedInterfaceOrientations_iPad = "UIInterfaceOrientationPortrait UIInterfaceOrientationPortraitUpsideDown UIInterfaceOrientationLandscapeLeft UIInterfaceOrientationLandscapeRight";
				INFOPLIST_KEY_UISupportedInterfaceOrientations_iPhone = "UIInterfaceOrientationPortrait UIInterfaceOrientationLandscapeLeft UIInterfaceOrientationLandscapeRight";
				IPHONEOS_DEPLOYMENT_TARGET = 18.2;
				LD_RUNPATH_SEARCH_PATHS = "@executable_path/Frameworks";
				"LD_RUNPATH_SEARCH_PATHS[sdk=macosx*]" = "@executable_path/../Frameworks";
				MACOSX_DEPLOYMENT_TARGET = 15.2;
				MARKETING_VERSION = 1.0;
				PRODUCT_BUNDLE_IDENTIFIER = hk.kingsin.WebViewInterceptorPOC;
				PRODUCT_NAME = "$(TARGET_NAME)";
				SDKROOT = auto;
				SUPPORTED_PLATFORMS = "iphoneos iphonesimulator macosx xros xrsimulator";
				SWIFT_EMIT_LOC_STRINGS = YES;
				SWIFT_VERSION = 5.0;
				TARGETED_DEVICE_FAMILY = "1,2,7";
				XROS_DEPLOYMENT_TARGET = 2.2;
			};
			name = Debug;
		};
		1AB25E062D1C11AA002585DD /* Release */ = {
			isa = XCBuildConfiguration;
			buildSettings = {
				ASSETCATALOG_COMPILER_APPICON_NAME = AppIcon;
				ASSETCATALOG_COMPILER_GLOBAL_ACCENT_COLOR_NAME = AccentColor;
				CODE_SIGN_ENTITLEMENTS = WebViewInterceptorPOC/WebViewInterceptorPOC.entitlements;
				CODE_SIGN_STYLE = Automatic;
				CURRENT_PROJECT_VERSION = 1;
				DEVELOPMENT_ASSET_PATHS = "\"WebViewInterceptorPOC/Preview Content\"";
				ENABLE_PREVIEWS = YES;
				GENERATE_INFOPLIST_FILE = YES;
				"INFOPLIST_KEY_UIApplicationSceneManifest_Generation[sdk=iphoneos*]" = YES;
				"INFOPLIST_KEY_UIApplicationSceneManifest_Generation[sdk=iphonesimulator*]" = YES;
				"INFOPLIST_KEY_UIApplicationSupportsIndirectInputEvents[sdk=iphoneos*]" = YES;
				"INFOPLIST_KEY_UIApplicationSupportsIndirectInputEvents[sdk=iphonesimulator*]" = YES;
				"INFOPLIST_KEY_UILaunchScreen_Generation[sdk=iphoneos*]" = YES;
				"INFOPLIST_KEY_UILaunchScreen_Generation[sdk=iphonesimulator*]" = YES;
				"INFOPLIST_KEY_UIStatusBarStyle[sdk=iphoneos*]" = UIStatusBarStyleDefault;
				"INFOPLIST_KEY_UIStatusBarStyle[sdk=iphonesimulator*]" = UIStatusBarStyleDefault;
				INFOPLIST_KEY_UISupportedInterfaceOrientations_iPad = "UIInterfaceOrientationPortrait UIInterfaceOrientationPortraitUpsideDown UIInterfaceOrientationLandscapeLeft UIInterfaceOrientationLandscapeRight";
				INFOPLIST_KEY_UISupportedInterfaceOrientations_iPhone = "UIInterfaceOrientationPortrait UIInterfaceOrientationLandscapeLeft UIInterfaceOrientationLandscapeRight";
				IPHONEOS_DEPLOYMENT_TARGET = 18.2;
				LD_RUNPATH_SEARCH_PATHS = "@executable_path/Frameworks";
				"LD_RUNPATH_SEARCH_PATHS[sdk=macosx*]" = "@executable_path/../Frameworks";
				MACOSX_DEPLOYMENT_TARGET = 15.2;
				MARKETING_VERSION = 1.0;
				PRODUCT_BUNDLE_IDENTIFIER = hk.kingsin.WebViewInterceptorPOC;
				PRODUCT_NAME = "$(TARGET_NAME)";
				SDKROOT = auto;
				SUPPORTED_PLATFORMS = "iphoneos iphonesimulator macosx xros xrsimulator";
				SWIFT_EMIT_LOC_STRINGS = YES;
				SWIFT_VERSION = 5.0;
				TARGETED_DEVICE_FAMILY = "1,2,7";
				XROS_DEPLOYMENT_TARGET = 2.2;
			};
			name = Release;
		};
		1AB25E082D1C11AA002585DD /* Debug */ = {
			isa = XCBuildConfiguration;
			buildSettings = {
				BUNDLE_LOADER = "$(TEST_HOST)";
				CODE_SIGN_STYLE = Automatic;
				CURRENT_PROJECT_VERSION = 1;
				GENERATE_INFOPLIST_FILE = YES;
				IPHONEOS_DEPLOYMENT_TARGET = 18.2;
				MACOSX_DEPLOYMENT_TARGET = 15.2;
				MARKETING_VERSION = 1.0;
				PRODUCT_BUNDLE_IDENTIFIER = hk.kingsin.WebViewInterceptorPOCTests;
				PRODUCT_NAME = "$(TARGET_NAME)";
				SDKROOT = auto;
				SUPPORTED_PLATFORMS = "iphoneos iphonesimulator macosx xros xrsimulator";
				SWIFT_EMIT_LOC_STRINGS = NO;
				SWIFT_VERSION = 5.0;
				TARGETED_DEVICE_FAMILY = "1,2,7";
				TEST_HOST = "$(BUILT_PRODUCTS_DIR)/WebViewInterceptorPOC.app/$(BUNDLE_EXECUTABLE_FOLDER_PATH)/WebViewInterceptorPOC";
				XROS_DEPLOYMENT_TARGET = 2.2;
			};
			name = Debug;
		};
		1AB25E092D1C11AA002585DD /* Release */ = {
			isa = XCBuildConfiguration;
			buildSettings = {
				BUNDLE_LOADER = "$(TEST_HOST)";
				CODE_SIGN_STYLE = Automatic;
				CURRENT_PROJECT_VERSION = 1;
				GENERATE_INFOPLIST_FILE = YES;
				IPHONEOS_DEPLOYMENT_TARGET = 18.2;
				MACOSX_DEPLOYMENT_TARGET = 15.2;
				MARKETING_VERSION = 1.0;
				PRODUCT_BUNDLE_IDENTIFIER = hk.kingsin.WebViewInterceptorPOCTests;
				PRODUCT_NAME = "$(TARGET_NAME)";
				SDKROOT = auto;
				SUPPORTED_PLATFORMS = "iphoneos iphonesimulator macosx xros xrsimulator";
				SWIFT_EMIT_LOC_STRINGS = NO;
				SWIFT_VERSION = 5.0;
				TARGETED_DEVICE_FAMILY = "1,2,7";
				TEST_HOST = "$(BUILT_PRODUCTS_DIR)/WebViewInterceptorPOC.app/$(BUNDLE_EXECUTABLE_FOLDER_PATH)/WebViewInterceptorPOC";
				XROS_DEPLOYMENT_TARGET = 2.2;
			};
			name = Release;
		};
		1AB25E0B2D1C11AA002585DD /* Debug */ = {
			isa = XCBuildConfiguration;
			buildSettings = {
				CODE_SIGN_STYLE = Automatic;
				CURRENT_PROJECT_VERSION = 1;
				GENERATE_INFOPLIST_FILE = YES;
				IPHONEOS_DEPLOYMENT_TARGET = 18.2;
				MACOSX_DEPLOYMENT_TARGET = 15.2;
				MARKETING_VERSION = 1.0;
				PRODUCT_BUNDLE_IDENTIFIER = hk.kingsin.WebViewInterceptorPOCUITests;
				PRODUCT_NAME = "$(TARGET_NAME)";
				SDKROOT = auto;
				SUPPORTED_PLATFORMS = "iphoneos iphonesimulator macosx xros xrsimulator";
				SWIFT_EMIT_LOC_STRINGS = NO;
				SWIFT_VERSION = 5.0;
				TARGETED_DEVICE_FAMILY = "1,2,7";
				TEST_TARGET_NAME = WebViewInterceptorPOC;
				XROS_DEPLOYMENT_TARGET = 2.2;
			};
			name = Debug;
		};
		1AB25E0C2D1C11AA002585DD /* Release */ = {
			isa = XCBuildConfiguration;
			buildSettings = {
				CODE_SIGN_STYLE = Automatic;
				CURRENT_PROJECT_VERSION = 1;
				GENERATE_INFOPLIST_FILE = YES;
				IPHONEOS_DEPLOYMENT_TARGET = 18.2;
				MACOSX_DEPLOYMENT_TARGET = 15.2;
				MARKETING_VERSION = 1.0;
				PRODUCT_BUNDLE_IDENTIFIER = hk.kingsin.WebViewInterceptorPOCUITests;
				PRODUCT_NAME = "$(TARGET_NAME)";
				SDKROOT = auto;
				SUPPORTED_PLATFORMS = "iphoneos iphonesimulator macosx xros xrsimulator";
				SWIFT_EMIT_LOC_STRINGS = NO;
				SWIFT_VERSION = 5.0;
				TARGETED_DEVICE_FAMILY = "1,2,7";
				TEST_TARGET_NAME = WebViewInterceptorPOC;
				XROS_DEPLOYMENT_TARGET = 2.2;
			};
			name = Release;
		};
/* End XCBuildConfiguration section */

/* Begin XCConfigurationList section */
		1AB25DDA2D1C11A9002585DD /* Build configuration list for PBXProject "WebViewInterceptorPOC" */ = {
			isa = XCConfigurationList;
			buildConfigurations = (
				1AB25E022D1C11AA002585DD /* Debug */,
				1AB25E032D1C11AA002585DD /* Release */,
			);
			defaultConfigurationIsVisible = 0;
			defaultConfigurationName = Release;
		};
		1AB25E042D1C11AA002585DD /* Build configuration list for PBXNativeTarget "WebViewInterceptorPOC" */ = {
			isa = XCConfigurationList;
			buildConfigurations = (
				1AB25E052D1C11AA002585DD /* Debug */,
				1AB25E062D1C11AA002585DD /* Release */,
			);
			defaultConfigurationIsVisible = 0;
			defaultConfigurationName = Release;
		};
		1AB25E072D1C11AA002585DD /* Build configuration list for PBXNativeTarget "WebViewInterceptorPOCTests" */ = {
			isa = XCConfigurationList;
			buildConfigurations = (
				1AB25E082D1C11AA002585DD /* Debug */,
				1AB25E092D1C11AA002585DD /* Release */,
			);
			defaultConfigurationIsVisible = 0;
			defaultConfigurationName = Release;
		};
		1AB25E0A2D1C11AA002585DD /* Build configuration list for PBXNativeTarget "WebViewInterceptorPOCUITests" */ = {
			isa = XCConfigurationList;
			buildConfigurations = (
				1AB25E0B2D1C11AA002585DD /* Debug */,
				1AB25E0C2D1C11AA002585DD /* Release */,
			);
			defaultConfigurationIsVisible = 0;
			defaultConfigurationName = Release;
		};
/* End XCConfigurationList section */

/* Begin XCRemoteSwiftPackageReference section */
		1AB25E162D1C21E7002585DD /* XCRemoteSwiftPackageReference "Alamofire" */ = {
			isa = XCRemoteSwiftPackageReference;
			repositoryURL = "https://github.com/Alamofire/Alamofire.git";
			requirement = {
				kind = upToNextMajorVersion;
				minimumVersion = 5.10.2;
			};
		};
/* End XCRemoteSwiftPackageReference section */

/* Begin XCSwiftPackageProductDependency section */
		1AB25E172D1C21E7002585DD /* Alamofire */ = {
			isa = XCSwiftPackageProductDependency;
			package = 1AB25E162D1C21E7002585DD /* XCRemoteSwiftPackageReference "Alamofire" */;
			productName = Alamofire;
		};
/* End XCSwiftPackageProductDependency section */
	};
	rootObject = 1AB25DD72D1C11A9002585DD /* Project object */;
}
